{
  "object": {
    "pins": [
      {
        "package": "Tyler.Identifier",
        "repositoryURL": "https://github.com/IgorMuzyka/Tyler.Identifier",
        "state": {
          "branch": "master",
          "revision": "7cae3ec51fa514749a98c98d578f991169e5d1e5",
          "version": null
        }
      },
      {
        "package": "Tyler.Tag",
        "repositoryURL": "https://github.com/IgorMuzyka/Tyler.Tag",
        "state": {
          "branch": "master",
          "revision": "235120d0dd85d0b2db95ba04f6637fc6f87b19b6",
          "version": null
        }
      },
      {
        "package": "Tyler.Variable",
        "repositoryURL": "https://github.com/IgorMuzyka/Tyler.Variable",
        "state": {
          "branch": "master",
          "revision": "b5e2b1c7f7750c33c2c921396d1974bd72b8d46e",
          "version": null
        }
      }
    ]
  },
  "version": 1
}
